
Microsoft Visual Studio Solution File, Format Version 12.00
# Visual Studio Version 17
VisualStudioVersion = 17.3.32929.385
MinimumVisualStudioVersion = 10.0.40219.1
Project("{FAE04EC0-301F-11D3-BF4B-00C04F79EFBC}") = "secondKR", "secondKR\secondKR.csproj", "{02572DCC-F107-4FFA-B5AE-C7B3CE315E1D}"
EndProject
Global
	GlobalSection(SolutionConfigurationPlatforms) = preSolution
		Debug|Any CPU = Debug|Any CPU
		Release|Any CPU = Release|Any CPU
	EndGlobalSection
	GlobalSection(ProjectConfigurationPlatforms) = postSolution
		{02572DCC-F107-4FFA-B5AE-C7B3CE315E1D}.Debug|Any CPU.ActiveCfg = Debug|Any CPU
		{02572DCC-F107-4FFA-B5AE-C7B3CE315E1D}.Debug|Any CPU.Build.0 = Debug|Any CPU
		{02572DCC-F107-4FFA-B5AE-C7B3CE315E1D}.Release|Any CPU.ActiveCfg = Release|Any CPU
		{02572DCC-F107-4FFA-B5AE-C7B3CE315E1D}.Release|Any CPU.Build.0 = Release|Any CPU
	EndGlobalSection
	GlobalSection(SolutionProperties) = preSolution
		HideSolutionNode = FALSE
	EndGlobalSection
	GlobalSection(ExtensibilityGlobals) = postSolution
		SolutionGuid = {08192B0C-BB0F-4B22-A261-04986871D2C8}
	EndGlobalSection
EndGlobal
